
Microsoft Visual Studio Solution File, Format Version 12.00
# Visual Studio Version 17
VisualStudioVersion = 17.8.34511.84
MinimumVisualStudioVersion = 10.0.40219.1
Project("{FAE04EC0-301F-11D3-BF4B-00C04F79EFBC}") = "EF_CreateDataBase_Default", "EF_CreateDataBase_Default\EF_CreateDataBase_Default.csproj", "{DC853908-C9E3-4C35-9DB7-7F57E2AA81F1}"
EndProject
Global
	GlobalSection(SolutionConfigurationPlatforms) = preSolution
		Debug|Any CPU = Debug|Any CPU
		Release|Any CPU = Release|Any CPU
	EndGlobalSection
	GlobalSection(ProjectConfigurationPlatforms) = postSolution
		{DC853908-C9E3-4C35-9DB7-7F57E2AA81F1}.Debug|Any CPU.ActiveCfg = Debug|Any CPU
		{DC853908-C9E3-4C35-9DB7-7F57E2AA81F1}.Debug|Any CPU.Build.0 = Debug|Any CPU
		{DC853908-C9E3-4C35-9DB7-7F57E2AA81F1}.Release|Any CPU.ActiveCfg = Release|Any CPU
		{DC853908-C9E3-4C35-9DB7-7F57E2AA81F1}.Release|Any CPU.Build.0 = Release|Any CPU
	EndGlobalSection
	GlobalSection(SolutionProperties) = preSolution
		HideSolutionNode = FALSE
	EndGlobalSection
	GlobalSection(ExtensibilityGlobals) = postSolution
		SolutionGuid = {461A4D43-7857-4106-B66A-883EDE9A2175}
	EndGlobalSection
EndGlobal
